// !$*UTF8*$!
{
	archiveVersion = 1;
	classes = {
	};
	objectVersion = 56;
	objects = {

/* Begin PBXBuildFile section */
		4CA427C62C8862E40076C87D /* SampleWatchApp Watch App.app in Embed Watch Content */ = {isa = PBXBuildFile; fileRef = 4CA427C52C8862E40076C87D /* SampleWatchApp Watch App.app */; settings = {ATTRIBUTES = (RemoveHeadersOnCopy, ); }; };
		4CA427CB2C8862E40076C87D /* SampleWatchAppApp.swift in Sources */ = {isa = PBXBuildFile; fileRef = 4CA427CA2C8862E40076C87D /* SampleWatchAppApp.swift */; };
		4CA427CD2C8862E40076C87D /* ContentView.swift in Sources */ = {isa = PBXBuildFile; fileRef = 4CA427CC2C8862E40076C87D /* ContentView.swift */; };
		4CA427CF2C8862E50076C87D /* Assets.xcassets in Resources */ = {isa = PBXBuildFile; fileRef = 4CA427CE2C8862E50076C87D /* Assets.xcassets */; };
		4CA427D22C8862E50076C87D /* Preview Assets.xcassets in Resources */ = {isa = PBXBuildFile; fileRef = 4CA427D12C8862E50076C87D /* Preview Assets.xcassets */; };
		4CA427DD2C886E140076C87D /* DetailView.swift in Sources */ = {isa = PBXBuildFile; fileRef = 4CA427DC2C886E140076C87D /* DetailView.swift */; };
		4CA427DF2C8870800076C87D /* CreditsView.swift in Sources */ = {isa = PBXBuildFile; fileRef = 4CA427DE2C8870800076C87D /* CreditsView.swift */; };
		4CA427E12C8870CA0076C87D /* HeaderView.swift in Sources */ = {isa = PBXBuildFile; fileRef = 4CA427E02C8870CA0076C87D /* HeaderView.swift */; };
		4CA427E32C8982840076C87D /* SettingsView.swift in Sources */ = {isa = PBXBuildFile; fileRef = 4CA427E22C8982840076C87D /* SettingsView.swift */; };
		4CA427E62C8993430076C87D /* Note.swift in Sources */ = {isa = PBXBuildFile; fileRef = 4CA427E52C8993430076C87D /* Note.swift */; };
/* End PBXBuildFile section */

/* Begin PBXContainerItemProxy section */
		4CA427C72C8862E40076C87D /* PBXContainerItemProxy */ = {
			isa = PBXContainerItemProxy;
			containerPortal = 4CA427B92C8862E40076C87D /* Project object */;
			proxyType = 1;
			remoteGlobalIDString = 4CA427C42C8862E40076C87D;
			remoteInfo = "SampleWatchApp Watch App";
		};
/* End PBXContainerItemProxy section */

/* Begin PBXCopyFilesBuildPhase section */
		4CA427D82C8862E50076C87D /* Embed Watch Content */ = {
			isa = PBXCopyFilesBuildPhase;
			buildActionMask = 2147483647;
			dstPath = "$(CONTENTS_FOLDER_PATH)/Watch";
			dstSubfolderSpec = 16;
			files = (
				4CA427C62C8862E40076C87D /* SampleWatchApp Watch App.app in Embed Watch Content */,
			);
			name = "Embed Watch Content";
			runOnlyForDeploymentPostprocessing = 0;
		};
/* End PBXCopyFilesBuildPhase section */

/* Begin PBXFileReference section */
		4CA427BF2C8862E40076C87D /* SampleWatchApp.app */ = {isa = PBXFileReference; explicitFileType = wrapper.application; includeInIndex = 0; path = SampleWatchApp.app; sourceTree = BUILT_PRODUCTS_DIR; };
		4CA427C52C8862E40076C87D /* SampleWatchApp Watch App.app */ = {isa = PBXFileReference; explicitFileType = wrapper.application; includeInIndex = 0; path = "SampleWatchApp Watch App.app"; sourceTree = BUILT_PRODUCTS_DIR; };
		4CA427CA2C8862E40076C87D /* SampleWatchAppApp.swift */ = {isa = PBXFileReference; lastKnownFileType = sourcecode.swift; path = SampleWatchAppApp.swift; sourceTree = "<group>"; };
		4CA427CC2C8862E40076C87D /* ContentView.swift */ = {isa = PBXFileReference; lastKnownFileType = sourcecode.swift; path = ContentView.swift; sourceTree = "<group>"; };
		4CA427CE2C8862E50076C87D /* Assets.xcassets */ = {isa = PBXFileReference; lastKnownFileType = folder.assetcatalog; path = Assets.xcassets; sourceTree = "<group>"; };
		4CA427D12C8862E50076C87D /* Preview Assets.xcassets */ = {isa = PBXFileReference; lastKnownFileType = folder.assetcatalog; path = "Preview Assets.xcassets"; sourceTree = "<group>"; };
		4CA427DC2C886E140076C87D /* DetailView.swift */ = {isa = PBXFileReference; lastKnownFileType = sourcecode.swift; path = DetailView.swift; sourceTree = "<group>"; };
		4CA427DE2C8870800076C87D /* CreditsView.swift */ = {isa = PBXFileReference; lastKnownFileType = sourcecode.swift; path = CreditsView.swift; sourceTree = "<group>"; };
		4CA427E02C8870CA0076C87D /* HeaderView.swift */ = {isa = PBXFileReference; lastKnownFileType = sourcecode.swift; path = HeaderView.swift; sourceTree = "<group>"; };
		4CA427E22C8982840076C87D /* SettingsView.swift */ = {isa = PBXFileReference; lastKnownFileType = sourcecode.swift; path = SettingsView.swift; sourceTree = "<group>"; };
		4CA427E52C8993430076C87D /* Note.swift */ = {isa = PBXFileReference; lastKnownFileType = sourcecode.swift; path = Note.swift; sourceTree = "<group>"; };
/* End PBXFileReference section */

/* Begin PBXFrameworksBuildPhase section */
		4CA427C22C8862E40076C87D /* Frameworks */ = {
			isa = PBXFrameworksBuildPhase;
			buildActionMask = 2147483647;
			files = (
			);
			runOnlyForDeploymentPostprocessing = 0;
		};
/* End PBXFrameworksBuildPhase section */

/* Begin PBXGroup section */
		4CA427B82C8862E40076C87D = {
			isa = PBXGroup;
			children = (
				4CA427C92C8862E40076C87D /* SampleWatchApp Watch App */,
				4CA427C02C8862E40076C87D /* Products */,
			);
			sourceTree = "<group>";
		};
		4CA427C02C8862E40076C87D /* Products */ = {
			isa = PBXGroup;
			children = (
				4CA427BF2C8862E40076C87D /* SampleWatchApp.app */,
				4CA427C52C8862E40076C87D /* SampleWatchApp Watch App.app */,
			);
			name = Products;
			sourceTree = "<group>";
		};
		4CA427C92C8862E40076C87D /* SampleWatchApp Watch App */ = {
			isa = PBXGroup;
			children = (
				4CA427E82C8993700076C87D /* CustomView */,
				4CA427E72C8993510076C87D /* View */,
				4CA427E42C8993340076C87D /* Model */,
				4CA427CA2C8862E40076C87D /* SampleWatchAppApp.swift */,
				4CA427CE2C8862E50076C87D /* Assets.xcassets */,
				4CA427D02C8862E50076C87D /* Preview Content */,
			);
			path = "SampleWatchApp Watch App";
			sourceTree = "<group>";
		};
		4CA427D02C8862E50076C87D /* Preview Content */ = {
			isa = PBXGroup;
			children = (
				4CA427D12C8862E50076C87D /* Preview Assets.xcassets */,
			);
			path = "Preview Content";
			sourceTree = "<group>";
		};
		4CA427E42C8993340076C87D /* Model */ = {
			isa = PBXGroup;
			children = (
				4CA427E52C8993430076C87D /* Note.swift */,
			);
			path = Model;
			sourceTree = "<group>";
		};
		4CA427E72C8993510076C87D /* View */ = {
			isa = PBXGroup;
			children = (
				4CA427CC2C8862E40076C87D /* ContentView.swift */,
				4CA427DC2C886E140076C87D /* DetailView.swift */,
				4CA427DE2C8870800076C87D /* CreditsView.swift */,
				4CA427E22C8982840076C87D /* SettingsView.swift */,
			);
			path = View;
			sourceTree = "<group>";
		};
		4CA427E82C8993700076C87D /* CustomView */ = {
			isa = PBXGroup;
			children = (
				4CA427E02C8870CA0076C87D /* HeaderView.swift */,
			);
			path = CustomView;
			sourceTree = "<group>";
		};
/* End PBXGroup section */

/* Begin PBXNativeTarget section */
		4CA427BE2C8862E40076C87D /* SampleWatchApp */ = {
			isa = PBXNativeTarget;
			buildConfigurationList = 4CA427D92C8862E50076C87D /* Build configuration list for PBXNativeTarget "SampleWatchApp" */;
			buildPhases = (
				4CA427BD2C8862E40076C87D /* Resources */,
				4CA427D82C8862E50076C87D /* Embed Watch Content */,
			);
			buildRules = (
			);
			dependencies = (
				4CA427C82C8862E40076C87D /* PBXTargetDependency */,
			);
			name = SampleWatchApp;
			productName = SampleWatchApp;
			productReference = 4CA427BF2C8862E40076C87D /* SampleWatchApp.app */;
			productType = "com.apple.product-type.application.watchapp2-container";
		};
		4CA427C42C8862E40076C87D /* SampleWatchApp Watch App */ = {
			isa = PBXNativeTarget;
			buildConfigurationList = 4CA427D52C8862E50076C87D /* Build configuration list for PBXNativeTarget "SampleWatchApp Watch App" */;
			buildPhases = (
				4CA427C12C8862E40076C87D /* Sources */,
				4CA427C22C8862E40076C87D /* Frameworks */,
				4CA427C32C8862E40076C87D /* Resources */,
			);
			buildRules = (
			);
			dependencies = (
			);
			name = "SampleWatchApp Watch App";
			productName = "SampleWatchApp Watch App";
			productReference = 4CA427C52C8862E40076C87D /* SampleWatchApp Watch App.app */;
			productType = "com.apple.product-type.application";
		};
/* End PBXNativeTarget section */

/* Begin PBXProject section */
		4CA427B92C8862E40076C87D /* Project object */ = {
			isa = PBXProject;
			attributes = {
				BuildIndependentTargetsInParallel = 1;
				LastSwiftUpdateCheck = 1540;
				LastUpgradeCheck = 1540;
				TargetAttributes = {
					4CA427BE2C8862E40076C87D = {
						CreatedOnToolsVersion = 15.4;
					};
					4CA427C42C8862E40076C87D = {
						CreatedOnToolsVersion = 15.4;
					};
				};
			};
			buildConfigurationList = 4CA427BC2C8862E40076C87D /* Build configuration list for PBXProject "SampleWatchApp" */;
			compatibilityVersion = "Xcode 14.0";
			developmentRegion = en;
			hasScannedForEncodings = 0;
			knownRegions = (
				en,
				Base,
			);
			mainGroup = 4CA427B82C8862E40076C87D;
			productRefGroup = 4CA427C02C8862E40076C87D /* Products */;
			projectDirPath = "";
			projectRoot = "";
			targets = (
				4CA427BE2C8862E40076C87D /* SampleWatchApp */,
				4CA427C42C8862E40076C87D /* SampleWatchApp Watch App */,
			);
		};
/* End PBXProject section */

/* Begin PBXResourcesBuildPhase section */
		4CA427BD2C8862E40076C87D /* Resources */ = {
			isa = PBXResourcesBuildPhase;
			buildActionMask = 2147483647;
			files = (
			);
			runOnlyForDeploymentPostprocessing = 0;
		};
		4CA427C32C8862E40076C87D /* Resources */ = {
			isa = PBXResourcesBuildPhase;
			buildActionMask = 2147483647;
			files = (
				4CA427D22C8862E50076C87D /* Preview Assets.xcassets in Resources */,
				4CA427CF2C8862E50076C87D /* Assets.xcassets in Resources */,
			);
			runOnlyForDeploymentPostprocessing = 0;
		};
/* End PBXResourcesBuildPhase section */

/* Begin PBXSourcesBuildPhase section */
		4CA427C12C8862E40076C87D /* Sources */ = {
			isa = PBXSourcesBuildPhase;
			buildActionMask = 2147483647;
			files = (
				4CA427E12C8870CA0076C87D /* HeaderView.swift in Sources */,
				4CA427CD2C8862E40076C87D /* ContentView.swift in Sources */,
				4CA427E62C8993430076C87D /* Note.swift in Sources */,
				4CA427DF2C8870800076C87D /* CreditsView.swift in Sources */,
				4CA427E32C8982840076C87D /* SettingsView.swift in Sources */,
				4CA427DD2C886E140076C87D /* DetailView.swift in Sources */,
				4CA427CB2C8862E40076C87D /* SampleWatchAppApp.swift in Sources */,
			);
			runOnlyForDeploymentPostprocessing = 0;
		};
/* End PBXSourcesBuildPhase section */

/* Begin PBXTargetDependency section */
		4CA427C82C8862E40076C87D /* PBXTargetDependency */ = {
			isa = PBXTargetDependency;
			target = 4CA427C42C8862E40076C87D /* SampleWatchApp Watch App */;
			targetProxy = 4CA427C72C8862E40076C87D /* PBXContainerItemProxy */;
		};
/* End PBXTargetDependency section */

/* Begin XCBuildConfiguration section */
		4CA427D32C8862E50076C87D /* Debug */ = {
			isa = XCBuildConfiguration;
			buildSettings = {
				ALWAYS_SEARCH_USER_PATHS = NO;
				ASSETCATALOG_COMPILER_GENERATE_SWIFT_ASSET_SYMBOL_EXTENSIONS = YES;
				CLANG_ANALYZER_NONNULL = YES;
				CLANG_ANALYZER_NUMBER_OBJECT_CONVERSION = YES_AGGRESSIVE;
				CLANG_CXX_LANGUAGE_STANDARD = "gnu++20";
				CLANG_ENABLE_MODULES = YES;
				CLANG_ENABLE_OBJC_ARC = YES;
				CLANG_ENABLE_OBJC_WEAK = YES;
				CLANG_WARN_BLOCK_CAPTURE_AUTORELEASING = YES;
				CLANG_WARN_BOOL_CONVERSION = YES;
				CLANG_WARN_COMMA = YES;
				CLANG_WARN_CONSTANT_CONVERSION = YES;
				CLANG_WARN_DEPRECATED_OBJC_IMPLEMENTATIONS = YES;
				CLANG_WARN_DIRECT_OBJC_ISA_USAGE = YES_ERROR;
				CLANG_WARN_DOCUMENTATION_COMMENTS = YES;
				CLANG_WARN_EMPTY_BODY = YES;
				CLANG_WARN_ENUM_CONVERSION = YES;
				CLANG_WARN_INFINITE_RECURSION = YES;
				CLANG_WARN_INT_CONVERSION = YES;
				CLANG_WARN_NON_LITERAL_NULL_CONVERSION = YES;
				CLANG_WARN_OBJC_IMPLICIT_RETAIN_SELF = YES;
				CLANG_WARN_OBJC_LITERAL_CONVERSION = YES;
				CLANG_WARN_OBJC_ROOT_CLASS = YES_ERROR;
				CLANG_WARN_QUOTED_INCLUDE_IN_FRAMEWORK_HEADER = YES;
				CLANG_WARN_RANGE_LOOP_ANALYSIS = YES;
				CLANG_WARN_STRICT_PROTOTYPES = YES;
				CLANG_WARN_SUSPICIOUS_MOVE = YES;
				CLANG_WARN_UNGUARDED_AVAILABILITY = YES_AGGRESSIVE;
				CLANG_WARN_UNREACHABLE_CODE = YES;
				CLANG_WARN__DUPLICATE_METHOD_MATCH = YES;
				COPY_PHASE_STRIP = NO;
				DEBUG_INFORMATION_FORMAT = dwarf;
				ENABLE_STRICT_OBJC_MSGSEND = YES;
				ENABLE_TESTABILITY = YES;
				ENABLE_USER_SCRIPT_SANDBOXING = YES;
				GCC_C_LANGUAGE_STANDARD = gnu17;
				GCC_DYNAMIC_NO_PIC = NO;
				GCC_NO_COMMON_BLOCKS = YES;
				GCC_OPTIMIZATION_LEVEL = 0;
				GCC_PREPROCESSOR_DEFINITIONS = (
					"DEBUG=1",
					"$(inherited)",
				);
				GCC_WARN_64_TO_32_BIT_CONVERSION = YES;
				GCC_WARN_ABOUT_RETURN_TYPE = YES_ERROR;
				GCC_WARN_UNDECLARED_SELECTOR = YES;
				GCC_WARN_UNINITIALIZED_AUTOS = YES_AGGRESSIVE;
				GCC_WARN_UNUSED_FUNCTION = YES;
				GCC_WARN_UNUSED_VARIABLE = YES;
				LOCALIZATION_PREFERS_STRING_CATALOGS = YES;
				MTL_ENABLE_DEBUG_INFO = INCLUDE_SOURCE;
				MTL_FAST_MATH = YES;
				ONLY_ACTIVE_ARCH = YES;
				SWIFT_ACTIVE_COMPILATION_CONDITIONS = "DEBUG $(inherited)";
				SWIFT_OPTIMIZATION_LEVEL = "-Onone";
			};
			name = Debug;
		};
		4CA427D42C8862E50076C87D /* Release */ = {
			isa = XCBuildConfiguration;
			buildSettings = {
				ALWAYS_SEARCH_USER_PATHS = NO;
				ASSETCATALOG_COMPILER_GENERATE_SWIFT_ASSET_SYMBOL_EXTENSIONS = YES;
				CLANG_ANALYZER_NONNULL = YES;
				CLANG_ANALYZER_NUMBER_OBJECT_CONVERSION = YES_AGGRESSIVE;
				CLANG_CXX_LANGUAGE_STANDARD = "gnu++20";
				CLANG_ENABLE_MODULES = YES;
				CLANG_ENABLE_OBJC_ARC = YES;
				CLANG_ENABLE_OBJC_WEAK = YES;
				CLANG_WARN_BLOCK_CAPTURE_AUTORELEASING = YES;
				CLANG_WARN_BOOL_CONVERSION = YES;
				CLANG_WARN_COMMA = YES;
				CLANG_WARN_CONSTANT_CONVERSION = YES;
				CLANG_WARN_DEPRECATED_OBJC_IMPLEMENTATIONS = YES;
				CLANG_WARN_DIRECT_OBJC_ISA_USAGE = YES_ERROR;
				CLANG_WARN_DOCUMENTATION_COMMENTS = YES;
				CLANG_WARN_EMPTY_BODY = YES;
				CLANG_WARN_ENUM_CONVERSION = YES;
				CLANG_WARN_INFINITE_RECURSION = YES;
				CLANG_WARN_INT_CONVERSION = YES;
				CLANG_WARN_NON_LITERAL_NULL_CONVERSION = YES;
				CLANG_WARN_OBJC_IMPLICIT_RETAIN_SELF = YES;
				CLANG_WARN_OBJC_LITERAL_CONVERSION = YES;
				CLANG_WARN_OBJC_ROOT_CLASS = YES_ERROR;
				CLANG_WARN_QUOTED_INCLUDE_IN_FRAMEWORK_HEADER = YES;
				CLANG_WARN_RANGE_LOOP_ANALYSIS = YES;
				CLANG_WARN_STRICT_PROTOTYPES = YES;
				CLANG_WARN_SUSPICIOUS_MOVE = YES;
				CLANG_WARN_UNGUARDED_AVAILABILITY = YES_AGGRESSIVE;
				CLANG_WARN_UNREACHABLE_CODE = YES;
				CLANG_WARN__DUPLICATE_METHOD_MATCH = YES;
				COPY_PHASE_STRIP = NO;
				DEBUG_INFORMATION_FORMAT = "dwarf-with-dsym";
				ENABLE_NS_ASSERTIONS = NO;
				ENABLE_STRICT_OBJC_MSGSEND = YES;
				ENABLE_USER_SCRIPT_SANDBOXING = YES;
				GCC_C_LANGUAGE_STANDARD = gnu17;
				GCC_NO_COMMON_BLOCKS = YES;
				GCC_WARN_64_TO_32_BIT_CONVERSION = YES;
				GCC_WARN_ABOUT_RETURN_TYPE = YES_ERROR;
				GCC_WARN_UNDECLARED_SELECTOR = YES;
				GCC_WARN_UNINITIALIZED_AUTOS = YES_AGGRESSIVE;
				GCC_WARN_UNUSED_FUNCTION = YES;
				GCC_WARN_UNUSED_VARIABLE = YES;
				LOCALIZATION_PREFERS_STRING_CATALOGS = YES;
				MTL_ENABLE_DEBUG_INFO = NO;
				MTL_FAST_MATH = YES;
				SWIFT_COMPILATION_MODE = wholemodule;
			};
			name = Release;
		};
		4CA427D62C8862E50076C87D /* Debug */ = {
			isa = XCBuildConfiguration;
			buildSettings = {
				ASSETCATALOG_COMPILER_APPICON_NAME = AppIcon;
				ASSETCATALOG_COMPILER_GLOBAL_ACCENT_COLOR_NAME = AccentColor;
				CODE_SIGN_STYLE = Automatic;
				CURRENT_PROJECT_VERSION = 1;
				DEVELOPMENT_ASSET_PATHS = "\"SampleWatchApp Watch App/Preview Content\"";
				DEVELOPMENT_TEAM = 2695LM6CPP;
				ENABLE_PREVIEWS = YES;
				GENERATE_INFOPLIST_FILE = YES;
				INFOPLIST_KEY_CFBundleDisplayName = SampleWatchApp;
				INFOPLIST_KEY_UISupportedInterfaceOrientations = "UIInterfaceOrientationPortrait UIInterfaceOrientationPortraitUpsideDown";
				INFOPLIST_KEY_WKWatchOnly = YES;
				LD_RUNPATH_SEARCH_PATHS = (
					"$(inherited)",
					"@executable_path/Frameworks",
				);
				MARKETING_VERSION = 1.0;
				PRODUCT_BUNDLE_IDENTIFIER = com.example.com.SampleWatchApp.watchkitapp;
				PRODUCT_NAME = "$(TARGET_NAME)";
				SDKROOT = watchos;
				SKIP_INSTALL = YES;
				SWIFT_EMIT_LOC_STRINGS = YES;
				SWIFT_VERSION = 5.0;
				TARGETED_DEVICE_FAMILY = 4;
				WATCHOS_DEPLOYMENT_TARGET = 10.5;
			};
			name = Debug;
		};
		4CA427D72C8862E50076C87D /* Release */ = {
			isa = XCBuildConfiguration;
			buildSettings = {
				ASSETCATALOG_COMPILER_APPICON_NAME = AppIcon;
				ASSETCATALOG_COMPILER_GLOBAL_ACCENT_COLOR_NAME = AccentColor;
				CODE_SIGN_STYLE = Automatic;
				CURRENT_PROJECT_VERSION = 1;
				DEVELOPMENT_ASSET_PATHS = "\"SampleWatchApp Watch App/Preview Content\"";
				DEVELOPMENT_TEAM = 2695LM6CPP;
				ENABLE_PREVIEWS = YES;
				GENERATE_INFOPLIST_FILE = YES;
				INFOPLIST_KEY_CFBundleDisplayName = SampleWatchApp;
				INFOPLIST_KEY_UISupportedInterfaceOrientations = "UIInterfaceOrientationPortrait UIInterfaceOrientationPortraitUpsideDown";
				INFOPLIST_KEY_WKWatchOnly = YES;
				LD_RUNPATH_SEARCH_PATHS = (
					"$(inherited)",
					"@executable_path/Frameworks",
				);
				MARKETING_VERSION = 1.0;
				PRODUCT_BUNDLE_IDENTIFIER = com.example.com.SampleWatchApp.watchkitapp;
				PRODUCT_NAME = "$(TARGET_NAME)";
				SDKROOT = watchos;
				SKIP_INSTALL = YES;
				SWIFT_EMIT_LOC_STRINGS = YES;
				SWIFT_VERSION = 5.0;
				TARGETED_DEVICE_FAMILY = 4;
				VALIDATE_PRODUCT = YES;
				WATCHOS_DEPLOYMENT_TARGET = 10.5;
			};
			name = Release;
		};
		4CA427DA2C8862E50076C87D /* Debug */ = {
			isa = XCBuildConfiguration;
			buildSettings = {
				ALWAYS_EMBED_SWIFT_STANDARD_LIBRARIES = YES;
				CODE_SIGN_STYLE = Automatic;
				CURRENT_PROJECT_VERSION = 1;
				DEVELOPMENT_TEAM = 2695LM6CPP;
				INFOPLIST_KEY_CFBundleDisplayName = SampleWatchApp;
				MARKETING_VERSION = 1.0;
				PRODUCT_BUNDLE_IDENTIFIER = com.example.com.SampleWatchApp;
				PRODUCT_NAME = "$(TARGET_NAME)";
				SDKROOT = iphoneos;
				SWIFT_VERSION = 5.0;
			};
			name = Debug;
		};
		4CA427DB2C8862E50076C87D /* Release */ = {
			isa = XCBuildConfiguration;
			buildSettings = {
				ALWAYS_EMBED_SWIFT_STANDARD_LIBRARIES = YES;
				CODE_SIGN_STYLE = Automatic;
				CURRENT_PROJECT_VERSION = 1;
				DEVELOPMENT_TEAM = 2695LM6CPP;
				INFOPLIST_KEY_CFBundleDisplayName = SampleWatchApp;
				MARKETING_VERSION = 1.0;
				PRODUCT_BUNDLE_IDENTIFIER = com.example.com.SampleWatchApp;
				PRODUCT_NAME = "$(TARGET_NAME)";
				SDKROOT = iphoneos;
				SWIFT_VERSION = 5.0;
				VALIDATE_PRODUCT = YES;
			};
			name = Release;
		};
/* End XCBuildConfiguration section */

/* Begin XCConfigurationList section */
		4CA427BC2C8862E40076C87D /* Build configuration list for PBXProject "SampleWatchApp" */ = {
			isa = XCConfigurationList;
			buildConfigurations = (
				4CA427D32C8862E50076C87D /* Debug */,
				4CA427D42C8862E50076C87D /* Release */,
			);
			defaultConfigurationIsVisible = 0;
			defaultConfigurationName = Release;
		};
		4CA427D52C8862E50076C87D /* Build configuration list for PBXNativeTarget "SampleWatchApp Watch App" */ = {
			isa = XCConfigurationList;
			buildConfigurations = (
				4CA427D62C8862E50076C87D /* Debug */,
				4CA427D72C8862E50076C87D /* Release */,
			);
			defaultConfigurationIsVisible = 0;
			defaultConfigurationName = Release;
		};
		4CA427D92C8862E50076C87D /* Build configuration list for PBXNativeTarget "SampleWatchApp" */ = {
			isa = XCConfigurationList;
			buildConfigurations = (
				4CA427DA2C8862E50076C87D /* Debug */,
				4CA427DB2C8862E50076C87D /* Release */,
			);
			defaultConfigurationIsVisible = 0;
			defaultConfigurationName = Release;
		};
/* End XCConfigurationList section */
	};
	rootObject = 4CA427B92C8862E40076C87D /* Project object */;
}
